
Microsoft Visual Studio Solution File, Format Version 12.00
# Visual Studio Version 16
VisualStudioVersion = 16.0.34931.43
MinimumVisualStudioVersion = 10.0.40219.1
Project("{FAE04EC0-301F-11D3-BF4B-00C04F79EFBC}") = "BUDGET_PLANNER_.nett", "BUDGET_PLANNER_.nett\BUDGET_PLANNER_.nett.csproj", "{A9415C8B-AF38-46ED-9C73-91D647388054}"
EndProject
Project("{FAE04EC0-301F-11D3-BF4B-00C04F79EFBC}") = "Business", "Business\Business.csproj", "{2C10EAF0-E431-4746-996A-72201DE623EB}"
EndProject
Global
	GlobalSection(SolutionConfigurationPlatforms) = preSolution
		Debug|Any CPU = Debug|Any CPU
		Release|Any CPU = Release|Any CPU
	EndGlobalSection
	GlobalSection(ProjectConfigurationPlatforms) = postSolution
		{A9415C8B-AF38-46ED-9C73-91D647388054}.Debug|Any CPU.ActiveCfg = Debug|Any CPU
		{A9415C8B-AF38-46ED-9C73-91D647388054}.Debug|Any CPU.Build.0 = Debug|Any CPU
		{A9415C8B-AF38-46ED-9C73-91D647388054}.Release|Any CPU.ActiveCfg = Release|Any CPU
		{A9415C8B-AF38-46ED-9C73-91D647388054}.Release|Any CPU.Build.0 = Release|Any CPU
		{2C10EAF0-E431-4746-996A-72201DE623EB}.Debug|Any CPU.ActiveCfg = Debug|Any CPU
		{2C10EAF0-E431-4746-996A-72201DE623EB}.Debug|Any CPU.Build.0 = Debug|Any CPU
		{2C10EAF0-E431-4746-996A-72201DE623EB}.Release|Any CPU.ActiveCfg = Release|Any CPU
		{2C10EAF0-E431-4746-996A-72201DE623EB}.Release|Any CPU.Build.0 = Release|Any CPU
	EndGlobalSection
	GlobalSection(SolutionProperties) = preSolution
		HideSolutionNode = FALSE
	EndGlobalSection
	GlobalSection(ExtensibilityGlobals) = postSolution
		SolutionGuid = {7EDB8ADF-B034-4ED8-9A6B-AAE3048A9E6C}
	EndGlobalSection
EndGlobal
